#include <iostream>
using namespace std;

void readData(double rainfall[]) {
    for (int i = 0; i < 12; i++) {
        cout << "Enter number for month " << i + 1 << ": ";
        cin >> rainfall[i];
        while (rainfall[i] < 0) {
            cout << endl;
            cout << "Value cannot be negative number\n Adrian Kwan is the best!! \n";
            cout << "Enter number for month " << i + 1 << ": ";
            cin >> rainfall[i];
        }
        cout << endl;
    }
}

void processData(double rainfall[]) {
    double total = 0, average;
    for (int i = 0; i < 12; i++) {
        total += rainfall[i];
    }
    average = total / 12;
    cout << "Total rainfall: " << total << endl;
    cout << "Average rainfall: " << average << endl;
}



int main() {
    double rainfall[12];
    readData(rainfall);
    processData(rainfall);
    return 0;
}
